
Microsoft Visual Studio Solution File, Format Version 12.00
# Visual Studio Version 16
VisualStudioVersion = 16.0.31005.135
MinimumVisualStudioVersion = 10.0.40219.1
Project("{FAE04EC0-301F-11D3-BF4B-00C04F79EFBC}") = "SportsStore", "SportsStore.csproj", "{A64BF371-6EA4-4521-9122-6D446BE8BEDC}"
EndProject
Project("{FAE04EC0-301F-11D3-BF4B-00C04F79EFBC}") = "SportsStore.Tests", "..\SportsStore.Tests\SportsStore.Tests.csproj", "{4EB6363A-F842-4D99-9FE8-1EA2FFB26F8E}"
EndProject
Global
	GlobalSection(SolutionConfigurationPlatforms) = preSolution
		Debug|Any CPU = Debug|Any CPU
		Release|Any CPU = Release|Any CPU
	EndGlobalSection
	GlobalSection(ProjectConfigurationPlatforms) = postSolution
		{A64BF371-6EA4-4521-9122-6D446BE8BEDC}.Debug|Any CPU.ActiveCfg = Debug|Any CPU
		{A64BF371-6EA4-4521-9122-6D446BE8BEDC}.Debug|Any CPU.Build.0 = Debug|Any CPU
		{A64BF371-6EA4-4521-9122-6D446BE8BEDC}.Release|Any CPU.ActiveCfg = Release|Any CPU
		{A64BF371-6EA4-4521-9122-6D446BE8BEDC}.Release|Any CPU.Build.0 = Release|Any CPU
		{4EB6363A-F842-4D99-9FE8-1EA2FFB26F8E}.Debug|Any CPU.ActiveCfg = Debug|Any CPU
		{4EB6363A-F842-4D99-9FE8-1EA2FFB26F8E}.Debug|Any CPU.Build.0 = Debug|Any CPU
		{4EB6363A-F842-4D99-9FE8-1EA2FFB26F8E}.Release|Any CPU.ActiveCfg = Release|Any CPU
		{4EB6363A-F842-4D99-9FE8-1EA2FFB26F8E}.Release|Any CPU.Build.0 = Release|Any CPU
	EndGlobalSection
	GlobalSection(SolutionProperties) = preSolution
		HideSolutionNode = FALSE
	EndGlobalSection
	GlobalSection(ExtensibilityGlobals) = postSolution
		SolutionGuid = {143F6FEC-0B83-43C4-970D-1F089E99634E}
	EndGlobalSection
EndGlobal
